<Solution>
  <Project Path="../../../../../../source/repos/System_Integration_Exam/src/AuthService/AuthService.csproj" />
  <Project Path="../../../../../../source/repos/System_Integration_Exam/src/GatewayService/GatewayService.csproj" />
  <Project Path="../../../../../../source/repos/System_Integration_Exam/src/ProductService/ProductService.csproj" />
  <Project Path="../../../../../../source/repos/System_Integration_Exam/tests/AuthService.Tests/AuthService.Tests.csproj" />
  <Project Path="../../../../../../source/repos/System_Integration_Exam/tests/GatewayService.Tests/GateService.Tests.csproj" />
  <Project Path="../../../../../../source/repos/System_Integration_Exam/tests/ProductService.Tests/ProductService.Tests.csproj" />
</Solution>
